// !$*UTF8*$!
{
	archiveVersion = 1;
	classes = {
	};
	objectVersion = 46;
	objects = {

/* Begin PBXBuildFile section */
		D6A46DE71B2548210011336E /* AppDelegate.swift in Sources */ = {isa = PBXBuildFile; fileRef = D6A46DE61B2548210011336E /* AppDelegate.swift */; };
		D6A46DE91B2548210011336E /* RecordSoundViewController.swift in Sources */ = {isa = PBXBuildFile; fileRef = D6A46DE81B2548210011336E /* RecordSoundViewController.swift */; };
		D6A46DEC1B2548210011336E /* Main.storyboard in Resources */ = {isa = PBXBuildFile; fileRef = D6A46DEA1B2548210011336E /* Main.storyboard */; };
		D6A46DEE1B2548210011336E /* Images.xcassets in Resources */ = {isa = PBXBuildFile; fileRef = D6A46DED1B2548210011336E /* Images.xcassets */; };
		D6A46DF11B2548210011336E /* LaunchScreen.xib in Resources */ = {isa = PBXBuildFile; fileRef = D6A46DEF1B2548210011336E /* LaunchScreen.xib */; };
		D6A46DFD1B2548210011336E /* Pitch_PerfectTests.swift in Sources */ = {isa = PBXBuildFile; fileRef = D6A46DFC1B2548210011336E /* Pitch_PerfectTests.swift */; };
		D6A46E071B25A8560011336E /* PlaySoundViewController.swift in Sources */ = {isa = PBXBuildFile; fileRef = D6A46E061B25A8560011336E /* PlaySoundViewController.swift */; };
		D6A46E091B25BB570011336E /* movie_quote.mp3 in Resources */ = {isa = PBXBuildFile; fileRef = D6A46E081B25BB570011336E /* movie_quote.mp3 */; };
		D6A46E0B1B25F8580011336E /* RecordedAudio.swift in Sources */ = {isa = PBXBuildFile; fileRef = D6A46E0A1B25F8580011336E /* RecordedAudio.swift */; };
/* End PBXBuildFile section */

/* Begin PBXContainerItemProxy section */
		D6A46DF71B2548210011336E /* PBXContainerItemProxy */ = {
			isa = PBXContainerItemProxy;
			containerPortal = D6A46DD91B2548210011336E /* Project object */;
			proxyType = 1;
			remoteGlobalIDString = D6A46DE01B2548210011336E;
			remoteInfo = "Pitch Perfect";
		};
/* End PBXContainerItemProxy section */

/* Begin PBXFileReference section */
		D6A46DE11B2548210011336E /* Pitch Perfect.app */ = {isa = PBXFileReference; explicitFileType = wrapper.application; includeInIndex = 0; path = "Pitch Perfect.app"; sourceTree = BUILT_PRODUCTS_DIR; };
		D6A46DE51B2548210011336E /* Info.plist */ = {isa = PBXFileReference; lastKnownFileType = text.plist.xml; path = Info.plist; sourceTree = "<group>"; };
		D6A46DE61B2548210011336E /* AppDelegate.swift */ = {isa = PBXFileReference; lastKnownFileType = sourcecode.swift; path = AppDelegate.swift; sourceTree = "<group>"; };
		D6A46DE81B2548210011336E /* RecordSoundViewController.swift */ = {isa = PBXFileReference; lastKnownFileType = sourcecode.swift; path = RecordSoundViewController.swift; sourceTree = "<group>"; };
		D6A46DEB1B2548210011336E /* Base */ = {isa = PBXFileReference; lastKnownFileType = file.storyboard; name = Base; path = Base.lproj/Main.storyboard; sourceTree = "<group>"; };
		D6A46DED1B2548210011336E /* Images.xcassets */ = {isa = PBXFileReference; lastKnownFileType = folder.assetcatalog; path = Images.xcassets; sourceTree = "<group>"; };
		D6A46DF01B2548210011336E /* Base */ = {isa = PBXFileReference; lastKnownFileType = file.xib; name = Base; path = Base.lproj/LaunchScreen.xib; sourceTree = "<group>"; };
		D6A46DF61B2548210011336E /* Pitch PerfectTests.xctest */ = {isa = PBXFileReference; explicitFileType = wrapper.cfbundle; includeInIndex = 0; path = "Pitch PerfectTests.xctest"; sourceTree = BUILT_PRODUCTS_DIR; };
		D6A46DFB1B2548210011336E /* Info.plist */ = {isa = PBXFileReference; lastKnownFileType = text.plist.xml; path = Info.plist; sourceTree = "<group>"; };
		D6A46DFC1B2548210011336E /* Pitch_PerfectTests.swift */ = {isa = PBXFileReference; lastKnownFileType = sourcecode.swift; path = Pitch_PerfectTests.swift; sourceTree = "<group>"; };
		D6A46E061B25A8560011336E /* PlaySoundViewController.swift */ = {isa = PBXFileReference; fileEncoding = 4; lastKnownFileType = sourcecode.swift; path = PlaySoundViewController.swift; sourceTree = "<group>"; };
		D6A46E081B25BB570011336E /* movie_quote.mp3 */ = {isa = PBXFileReference; lastKnownFileType = audio.mp3; name = movie_quote.mp3; path = ../../../../Desktop/iOS/movie_quote.mp3; sourceTree = "<group>"; };
		D6A46E0A1B25F8580011336E /* RecordedAudio.swift */ = {isa = PBXFileReference; fileEncoding = 4; lastKnownFileType = sourcecode.swift; path = RecordedAudio.swift; sourceTree = "<group>"; };
/* End PBXFileReference section */

/* Begin PBXFrameworksBuildPhase section */
		D6A46DDE1B2548210011336E /* Frameworks */ = {
			isa = PBXFrameworksBuildPhase;
			buildActionMask = 2147483647;
			files = (
			);
			runOnlyForDeploymentPostprocessing = 0;
		};
		D6A46DF31B2548210011336E /* Frameworks */ = {
			isa = PBXFrameworksBuildPhase;
			buildActionMask = 2147483647;
			files = (
			);
			runOnlyForDeploymentPostprocessing = 0;
		};
/* End PBXFrameworksBuildPhase section */

/* Begin PBXGroup section */
		D6A46DD81B2548210011336E = {
			isa = PBXGroup;
			children = (
				D6A46DE31B2548210011336E /* Pitch Perfect */,
				D6A46DF91B2548210011336E /* Pitch PerfectTests */,
				D6A46DE21B2548210011336E /* Products */,
			);
			sourceTree = "<group>";
		};
		D6A46DE21B2548210011336E /* Products */ = {
			isa = PBXGroup;
			children = (
				D6A46DE11B2548210011336E /* Pitch Perfect.app */,
				D6A46DF61B2548210011336E /* Pitch PerfectTests.xctest */,
			);
			name = Products;
			sourceTree = "<group>";
		};
		D6A46DE31B2548210011336E /* Pitch Perfect */ = {
			isa = PBXGroup;
			children = (
				D6A46DE61B2548210011336E /* AppDelegate.swift */,
				D6A46DE81B2548210011336E /* RecordSoundViewController.swift */,
				D6A46DEA1B2548210011336E /* Main.storyboard */,
				D6A46E0A1B25F8580011336E /* RecordedAudio.swift */,
				D6A46E061B25A8560011336E /* PlaySoundViewController.swift */,
				D6A46DED1B2548210011336E /* Images.xcassets */,
				D6A46DEF1B2548210011336E /* LaunchScreen.xib */,
				D6A46DE41B2548210011336E /* Supporting Files */,
			);
			path = "Pitch Perfect";
			sourceTree = "<group>";
		};
		D6A46DE41B2548210011336E /* Supporting Files */ = {
			isa = PBXGroup;
			children = (
				D6A46E081B25BB570011336E /* movie_quote.mp3 */,
				D6A46DE51B2548210011336E /* Info.plist */,
			);
			name = "Supporting Files";
			sourceTree = "<group>";
		};
		D6A46DF91B2548210011336E /* Pitch PerfectTests */ = {
			isa = PBXGroup;
			children = (
				D6A46DFC1B2548210011336E /* Pitch_PerfectTests.swift */,
				D6A46DFA1B2548210011336E /* Supporting Files */,
			);
			path = "Pitch PerfectTests";
			sourceTree = "<group>";
		};
		D6A46DFA1B2548210011336E /* Supporting Files */ = {
			isa = PBXGroup;
			children = (
				D6A46DFB1B2548210011336E /* Info.plist */,
			);
			name = "Supporting Files";
			sourceTree = "<group>";
		};
/* End PBXGroup section */

/* Begin PBXNativeTarget section */
		D6A46DE01B2548210011336E /* Pitch Perfect */ = {
			isa = PBXNativeTarget;
			buildConfigurationList = D6A46E001B2548210011336E /* Build configuration list for PBXNativeTarget "Pitch Perfect" */;
			buildPhases = (
				D6A46DDD1B2548210011336E /* Sources */,
				D6A46DDE1B2548210011336E /* Frameworks */,
				D6A46DDF1B2548210011336E /* Resources */,
			);
			buildRules = (
			);
			dependencies = (
			);
			name = "Pitch Perfect";
			productName = "Pitch Perfect";
			productReference = D6A46DE11B2548210011336E /* Pitch Perfect.app */;
			productType = "com.apple.product-type.application";
		};
		D6A46DF51B2548210011336E /* Pitch PerfectTests */ = {
			isa = PBXNativeTarget;
			buildConfigurationList = D6A46E031B2548210011336E /* Build configuration list for PBXNativeTarget "Pitch PerfectTests" */;
			buildPhases = (
				D6A46DF21B2548210011336E /* Sources */,
				D6A46DF31B2548210011336E /* Frameworks */,
				D6A46DF41B2548210011336E /* Resources */,
			);
			buildRules = (
			);
			dependencies = (
				D6A46DF81B2548210011336E /* PBXTargetDependency */,
			);
			name = "Pitch PerfectTests";
			productName = "Pitch PerfectTests";
			productReference = D6A46DF61B2548210011336E /* Pitch PerfectTests.xctest */;
			productType = "com.apple.product-type.bundle.unit-test";
		};
/* End PBXNativeTarget section */

/* Begin PBXProject section */
		D6A46DD91B2548210011336E /* Project object */ = {
			isa = PBXProject;
			attributes = {
				LastUpgradeCheck = 0630;
				ORGANIZATIONNAME = "Jason Kuan";
				TargetAttributes = {
					D6A46DE01B2548210011336E = {
						CreatedOnToolsVersion = 6.3.2;
					};
					D6A46DF51B2548210011336E = {
						CreatedOnToolsVersion = 6.3.2;
						TestTargetID = D6A46DE01B2548210011336E;
					};
				};
			};
			buildConfigurationList = D6A46DDC1B2548210011336E /* Build configuration list for PBXProject "Pitch Perfect" */;
			compatibilityVersion = "Xcode 3.2";
			developmentRegion = English;
			hasScannedForEncodings = 0;
			knownRegions = (
				en,
				Base,
			);
			mainGroup = D6A46DD81B2548210011336E;
			productRefGroup = D6A46DE21B2548210011336E /* Products */;
			projectDirPath = "";
			projectRoot = "";
			targets = (
				D6A46DE01B2548210011336E /* Pitch Perfect */,
				D6A46DF51B2548210011336E /* Pitch PerfectTests */,
			);
		};
/* End PBXProject section */

/* Begin PBXResourcesBuildPhase section */
		D6A46DDF1B2548210011336E /* Resources */ = {
			isa = PBXResourcesBuildPhase;
			buildActionMask = 2147483647;
			files = (
				D6A46DEC1B2548210011336E /* Main.storyboard in Resources */,
				D6A46DF11B2548210011336E /* LaunchScreen.xib in Resources */,
				D6A46E091B25BB570011336E /* movie_quote.mp3 in Resources */,
				D6A46DEE1B2548210011336E /* Images.xcassets in Resources */,
			);
			runOnlyForDeploymentPostprocessing = 0;
		};
		D6A46DF41B2548210011336E /* Resources */ = {
			isa = PBXResourcesBuildPhase;
			buildActionMask = 2147483647;
			files = (
			);
			runOnlyForDeploymentPostprocessing = 0;
		};
/* End PBXResourcesBuildPhase section */

/* Begin PBXSourcesBuildPhase section */
		D6A46DDD1B2548210011336E /* Sources */ = {
			isa = PBXSourcesBuildPhase;
			buildActionMask = 2147483647;
			files = (
				D6A46E0B1B25F8580011336E /* RecordedAudio.swift in Sources */,
				D6A46DE91B2548210011336E /* RecordSoundViewController.swift in Sources */,
				D6A46E071B25A8560011336E /* PlaySoundViewController.swift in Sources */,
				D6A46DE71B2548210011336E /* AppDelegate.swift in Sources */,
			);
			runOnlyForDeploymentPostprocessing = 0;
		};
		D6A46DF21B2548210011336E /* Sources */ = {
			isa = PBXSourcesBuildPhase;
			buildActionMask = 2147483647;
			files = (
				D6A46DFD1B2548210011336E /* Pitch_PerfectTests.swift in Sources */,
			);
			runOnlyForDeploymentPostprocessing = 0;
		};
/* End PBXSourcesBuildPhase section */

/* Begin PBXTargetDependency section */
		D6A46DF81B2548210011336E /* PBXTargetDependency */ = {
			isa = PBXTargetDependency;
			target = D6A46DE01B2548210011336E /* Pitch Perfect */;
			targetProxy = D6A46DF71B2548210011336E /* PBXContainerItemProxy */;
		};
/* End PBXTargetDependency section */

/* Begin PBXVariantGroup section */
		D6A46DEA1B2548210011336E /* Main.storyboard */ = {
			isa = PBXVariantGroup;
			children = (
				D6A46DEB1B2548210011336E /* Base */,
			);
			name = Main.storyboard;
			sourceTree = "<group>";
		};
		D6A46DEF1B2548210011336E /* LaunchScreen.xib */ = {
			isa = PBXVariantGroup;
			children = (
				D6A46DF01B2548210011336E /* Base */,
			);
			name = LaunchScreen.xib;
			sourceTree = "<group>";
		};
/* End PBXVariantGroup section */

/* Begin XCBuildConfiguration section */
		D6A46DFE1B2548210011336E /* Debug */ = {
			isa = XCBuildConfiguration;
			buildSettings = {
				ALWAYS_SEARCH_USER_PATHS = NO;
				CLANG_CXX_LANGUAGE_STANDARD = "gnu++0x";
				CLANG_CXX_LIBRARY = "libc++";
				CLANG_ENABLE_MODULES = YES;
				CLANG_ENABLE_OBJC_ARC = YES;
				CLANG_WARN_BOOL_CONVERSION = YES;
				CLANG_WARN_CONSTANT_CONVERSION = YES;
				CLANG_WARN_DIRECT_OBJC_ISA_USAGE = YES_ERROR;
				CLANG_WARN_EMPTY_BODY = YES;
				CLANG_WARN_ENUM_CONVERSION = YES;
				CLANG_WARN_INT_CONVERSION = YES;
				CLANG_WARN_OBJC_ROOT_CLASS = YES_ERROR;
				CLANG_WARN_UNREACHABLE_CODE = YES;
				CLANG_WARN__DUPLICATE_METHOD_MATCH = YES;
				"CODE_SIGN_IDENTITY[sdk=iphoneos*]" = "iPhone Developer";
				COPY_PHASE_STRIP = NO;
				DEBUG_INFORMATION_FORMAT = "dwarf-with-dsym";
				ENABLE_STRICT_OBJC_MSGSEND = YES;
				GCC_C_LANGUAGE_STANDARD = gnu99;
				GCC_DYNAMIC_NO_PIC = NO;
				GCC_NO_COMMON_BLOCKS = YES;
				GCC_OPTIMIZATION_LEVEL = 0;
				GCC_PREPROCESSOR_DEFINITIONS = (
					"DEBUG=1",
					"$(inherited)",
				);
				GCC_SYMBOLS_PRIVATE_EXTERN = NO;
				GCC_WARN_64_TO_32_BIT_CONVERSION = YES;
				GCC_WARN_ABOUT_RETURN_TYPE = YES_ERROR;
				GCC_WARN_UNDECLARED_SELECTOR = YES;
				GCC_WARN_UNINITIALIZED_AUTOS = YES_AGGRESSIVE;
				GCC_WARN_UNUSED_FUNCTION = YES;
				GCC_WARN_UNUSED_VARIABLE = YES;
				IPHONEOS_DEPLOYMENT_TARGET = 8.3;
				MTL_ENABLE_DEBUG_INFO = YES;
				ONLY_ACTIVE_ARCH = YES;
				SDKROOT = iphoneos;
				SWIFT_OPTIMIZATION_LEVEL = "-Onone";
			};
			name = Debug;
		};
		D6A46DFF1B2548210011336E /* Release */ = {
			isa = XCBuildConfiguration;
			buildSettings = {
				ALWAYS_SEARCH_USER_PATHS = NO;
				CLANG_CXX_LANGUAGE_STANDARD = "gnu++0x";
				CLANG_CXX_LIBRARY = "libc++";
				CLANG_ENABLE_MODULES = YES;
				CLANG_ENABLE_OBJC_ARC = YES;
				CLANG_WARN_BOOL_CONVERSION = YES;
				CLANG_WARN_CONSTANT_CONVERSION = YES;
				CLANG_WARN_DIRECT_OBJC_ISA_USAGE = YES_ERROR;
				CLANG_WARN_EMPTY_BODY = YES;
				CLANG_WARN_ENUM_CONVERSION = YES;
				CLANG_WARN_INT_CONVERSION = YES;
				CLANG_WARN_OBJC_ROOT_CLASS = YES_ERROR;
				CLANG_WARN_UNREACHABLE_CODE = YES;
				CLANG_WARN__DUPLICATE_METHOD_MATCH = YES;
				"CODE_SIGN_IDENTITY[sdk=iphoneos*]" = "iPhone Developer";
				COPY_PHASE_STRIP = NO;
				DEBUG_INFORMATION_FORMAT = "dwarf-with-dsym";
				ENABLE_NS_ASSERTIONS = NO;
				ENABLE_STRICT_OBJC_MSGSEND = YES;
				GCC_C_LANGUAGE_STANDARD = gnu99;
				GCC_NO_COMMON_BLOCKS = YES;
				GCC_WARN_64_TO_32_BIT_CONVERSION = YES;
				GCC_WARN_ABOUT_RETURN_TYPE = YES_ERROR;
				GCC_WARN_UNDECLARED_SELECTOR = YES;
				GCC_WARN_UNINITIALIZED_AUTOS = YES_AGGRESSIVE;
				GCC_WARN_UNUSED_FUNCTION = YES;
				GCC_WARN_UNUSED_VARIABLE = YES;
				IPHONEOS_DEPLOYMENT_TARGET = 8.3;
				MTL_ENABLE_DEBUG_INFO = NO;
				SDKROOT = iphoneos;
				VALIDATE_PRODUCT = YES;
			};
			name = Release;
		};
		D6A46E011B2548210011336E /* Debug */ = {
			isa = XCBuildConfiguration;
			buildSettings = {
				ASSETCATALOG_COMPILER_APPICON_NAME = AppIcon;
				INFOPLIST_FILE = "Pitch Perfect/Info.plist";
				LD_RUNPATH_SEARCH_PATHS = "$(inherited) @executable_path/Frameworks";
				PRODUCT_NAME = "$(TARGET_NAME)";
			};
			name = Debug;
		};
		D6A46E021B2548210011336E /* Release */ = {
			isa = XCBuildConfiguration;
			buildSettings = {
				ASSETCATALOG_COMPILER_APPICON_NAME = AppIcon;
				INFOPLIST_FILE = "Pitch Perfect/Info.plist";
				LD_RUNPATH_SEARCH_PATHS = "$(inherited) @executable_path/Frameworks";
				PRODUCT_NAME = "$(TARGET_NAME)";
			};
			name = Release;
		};
		D6A46E041B2548210011336E /* Debug */ = {
			isa = XCBuildConfiguration;
			buildSettings = {
				BUNDLE_LOADER = "$(TEST_HOST)";
				FRAMEWORK_SEARCH_PATHS = (
					"$(SDKROOT)/Developer/Library/Frameworks",
					"$(inherited)",
				);
				GCC_PREPROCESSOR_DEFINITIONS = (
					"DEBUG=1",
					"$(inherited)",
				);
				INFOPLIST_FILE = "Pitch PerfectTests/Info.plist";
				LD_RUNPATH_SEARCH_PATHS = "$(inherited) @executable_path/Frameworks @loader_path/Frameworks";
				PRODUCT_NAME = "$(TARGET_NAME)";
				TEST_HOST = "$(BUILT_PRODUCTS_DIR)/Pitch Perfect.app/Pitch Perfect";
			};
			name = Debug;
		};
		D6A46E051B2548210011336E /* Release */ = {
			isa = XCBuildConfiguration;
			buildSettings = {
				BUNDLE_LOADER = "$(TEST_HOST)";
				FRAMEWORK_SEARCH_PATHS = (
					"$(SDKROOT)/Developer/Library/Frameworks",
					"$(inherited)",
				);
				INFOPLIST_FILE = "Pitch PerfectTests/Info.plist";
				LD_RUNPATH_SEARCH_PATHS = "$(inherited) @executable_path/Frameworks @loader_path/Frameworks";
				PRODUCT_NAME = "$(TARGET_NAME)";
				TEST_HOST = "$(BUILT_PRODUCTS_DIR)/Pitch Perfect.app/Pitch Perfect";
			};
			name = Release;
		};
/* End XCBuildConfiguration section */

/* Begin XCConfigurationList section */
		D6A46DDC1B2548210011336E /* Build configuration list for PBXProject "Pitch Perfect" */ = {
			isa = XCConfigurationList;
			buildConfigurations = (
				D6A46DFE1B2548210011336E /* Debug */,
				D6A46DFF1B2548210011336E /* Release */,
			);
			defaultConfigurationIsVisible = 0;
			defaultConfigurationName = Release;
		};
		D6A46E001B2548210011336E /* Build configuration list for PBXNativeTarget "Pitch Perfect" */ = {
			isa = XCConfigurationList;
			buildConfigurations = (
				D6A46E011B2548210011336E /* Debug */,
				D6A46E021B2548210011336E /* Release */,
			);
			defaultConfigurationIsVisible = 0;
		};
		D6A46E031B2548210011336E /* Build configuration list for PBXNativeTarget "Pitch PerfectTests" */ = {
			isa = XCConfigurationList;
			buildConfigurations = (
				D6A46E041B2548210011336E /* Debug */,
				D6A46E051B2548210011336E /* Release */,
			);
			defaultConfigurationIsVisible = 0;
		};
/* End XCConfigurationList section */
	};
	rootObject = D6A46DD91B2548210011336E /* Project object */;
}
